
Microsoft Visual Studio Solution File, Format Version 12.00
# Visual Studio Version 17
VisualStudioVersion = 17.0.31903.59
MinimumVisualStudioVersion = 10.0.40219.1
Project("{FAE04EC0-301F-11D3-BF4B-00C04F79EFBC}") = "Backend", "Backend\Backend.csproj", "{53D649CA-44A2-4544-A6BD-9AD838A6B3EE}"
EndProject
Global
	GlobalSection(SolutionConfigurationPlatforms) = preSolution
		Debug|Any CPU = Debug|Any CPU
		Release|Any CPU = Release|Any CPU
	EndGlobalSection
	GlobalSection(SolutionProperties) = preSolution
		HideSolutionNode = FALSE
	EndGlobalSection
	GlobalSection(ProjectConfigurationPlatforms) = postSolution
		{53D649CA-44A2-4544-A6BD-9AD838A6B3EE}.Debug|Any CPU.ActiveCfg = Debug|Any CPU
		{53D649CA-44A2-4544-A6BD-9AD838A6B3EE}.Debug|Any CPU.Build.0 = Debug|Any CPU
		{53D649CA-44A2-4544-A6BD-9AD838A6B3EE}.Release|Any CPU.ActiveCfg = Release|Any CPU
		{53D649CA-44A2-4544-A6BD-9AD838A6B3EE}.Release|Any CPU.Build.0 = Release|Any CPU
	EndGlobalSection
	GlobalSection(MonoDevelopProperties) = preSolution
		Policies = $0
		$0.DotNetNamingPolicy = $1
		$1.DirectoryNamespaceAssociation = PrefixedHierarchical
		$0.TextStylePolicy = $2
		$2.inheritsSet = null
		$2.scope = text/x-csharp
		$0.CSharpFormattingPolicy = $3
		$3.scope = text/x-csharp
		$0.StandardHeader = $4
	EndGlobalSection
EndGlobal
